
Microsoft Visual Studio Solution File, Format Version 12.00
# Visual Studio Version 17
VisualStudioVersion = 17.3.32922.545
MinimumVisualStudioVersion = 10.0.40219.1
Project("{FAE04EC0-301F-11D3-BF4B-00C04F79EFBC}") = "ToDoListProgect", "ToDoListProgect\ToDoListProgect.csproj", "{3D16BD4E-9E9E-4D51-9C3A-A0B876B8399C}"
EndProject
Global
	GlobalSection(SolutionConfigurationPlatforms) = preSolution
		Debug|Any CPU = Debug|Any CPU
		Release|Any CPU = Release|Any CPU
	EndGlobalSection
	GlobalSection(ProjectConfigurationPlatforms) = postSolution
		{3D16BD4E-9E9E-4D51-9C3A-A0B876B8399C}.Debug|Any CPU.ActiveCfg = Debug|Any CPU
		{3D16BD4E-9E9E-4D51-9C3A-A0B876B8399C}.Debug|Any CPU.Build.0 = Debug|Any CPU
		{3D16BD4E-9E9E-4D51-9C3A-A0B876B8399C}.Release|Any CPU.ActiveCfg = Release|Any CPU
		{3D16BD4E-9E9E-4D51-9C3A-A0B876B8399C}.Release|Any CPU.Build.0 = Release|Any CPU
	EndGlobalSection
	GlobalSection(SolutionProperties) = preSolution
		HideSolutionNode = FALSE
	EndGlobalSection
	GlobalSection(ExtensibilityGlobals) = postSolution
		SolutionGuid = {C9B3FA3C-EBEE-4BAE-A8D7-9A09AC15DED9}
	EndGlobalSection
EndGlobal
